# This file was autogenerated by Stack.
# You should not edit this file by hand.
# For more information, please see the documentation at:
#   https://docs.haskellstack.org/en/stable/lock_files

packages:
- completed:
    hackage: language-ecmascript-0.19.1.0@sha256:2cf08e581980e69fbac5f941c9f6493dc4c3527817c3d395f33f3ffb8ef98253,3833
    pantry-tree:
      sha256: 5144da4ce52ff5c5783ed6ab22781b588ea88c8bb1a58b9658cc113623565ad4
      size: 2454
  original:
    hackage: language-ecmascript-0.19.1.0@sha256:2cf08e581980e69fbac5f941c9f6493dc4c3527817c3d395f33f3ffb8ef98253,3833
- completed:
    hackage: toysolver-0.7.0@sha256:91c218c0ca1007baf604db879debba6cf94a2a4110399477c7f3253e59ad8d31,27332
    pantry-tree:
      sha256: 70e40ece1fc4536cc690a0439f4182d2d38d8e115cd586c18f7721b39a90d69d
      size: 47333
  original:
    hackage: toysolver-0.7.0@sha256:91c218c0ca1007baf604db879debba6cf94a2a4110399477c7f3253e59ad8d31,27332
- completed:
    hackage: z3-408.2@sha256:1f8b6ccbcc6d06a6701900a09fcfcbaf86ed8a8495615710bef4da5cdb073a3f,4226
    pantry-tree:
      sha256: e8562391054f4e07035ab25e1c7ecfba687a46e15aefee4c588b6434dc0b93d8
      size: 1476
  original:
    hackage: z3-408.2@sha256:1f8b6ccbcc6d06a6701900a09fcfcbaf86ed8a8495615710bef4da5cdb073a3f,4226
- completed:
    hackage: MIP-0.1.1.0@sha256:01bbc71cbeabb76c8e23a68e351ff1f73cfb841ba105114d34666849de79a24a,4442
    pantry-tree:
      sha256: 8ebab46228cb93a5960d99192dc51480b0f21792cfa5d8aa75ed0ff511c2cb33
      size: 2372
  original:
    hackage: MIP-0.1.1.0@sha256:01bbc71cbeabb76c8e23a68e351ff1f73cfb841ba105114d34666849de79a24a,4442
- completed:
    hackage: OptDir-0.0.4@sha256:7a59a4e225a1ea402b82377c9057cf258e45d9d7913b2edd010f7ae8b9e4f8af,861
    pantry-tree:
      sha256: 1acdb5033f2f1750e622fb4a2bf5f5de5eac9d3129a61c3b92bfed17f64d6607
      size: 256
  original:
    hackage: OptDir-0.0.4@sha256:7a59a4e225a1ea402b82377c9057cf258e45d9d7913b2edd010f7ae8b9e4f8af,861
- completed:
    hackage: bytestring-encoding-0.1.1.0@sha256:1c3b97eb6345fd7153006211c8272215cd78bb0cf440c41185290822f1e3f2c2,1738
    pantry-tree:
      sha256: 161056cbb1a4e1bb605c60b7779e1fac44939b3984dfbd3347e96b273c871f5c
      size: 714
  original:
    hackage: bytestring-encoding-0.1.1.0@sha256:1c3b97eb6345fd7153006211c8272215cd78bb0cf440c41185290822f1e3f2c2,1738
- completed:
    hackage: finite-field-0.10.0@sha256:f676a7abf829f27fee189036219c0326dce68a435bcdddc26319afff4008d8f4,2164
    pantry-tree:
      sha256: fa3b82854d4112e43eb27e3666bd2e9802d5adf9af20a3a4236b98de12e3c029
      size: 633
  original:
    hackage: finite-field-0.10.0@sha256:f676a7abf829f27fee189036219c0326dce68a435bcdddc26319afff4008d8f4,2164
- completed:
    hackage: pseudo-boolean-0.1.10.0@sha256:5fcb42223e77b08fb4cb8e75c049cfea76f8915d204a3ddeefac1d6194192938,2449
    pantry-tree:
      sha256: a760fbc1c2e0e3fad1c0ce5f4a0acc3ca3dae7295fddcfd40065f85cdc4fff4d
      size: 2338
  original:
    hackage: pseudo-boolean-0.1.10.0@sha256:5fcb42223e77b08fb4cb8e75c049cfea76f8915d204a3ddeefac1d6194192938,2449
- completed:
    hackage: queue-0.1.2@sha256:4efac395db09637ec7b667dc09b74ff80e0b83452088540e1d1b2ec262f4defa,1312
    pantry-tree:
      sha256: b5b7354ae3452e5ac12db165f0c625c67e02ab6206c8c7a5c2497403e671f70f
      size: 413
  original:
    hackage: queue-0.1.2@sha256:4efac395db09637ec7b667dc09b74ff80e0b83452088540e1d1b2ec262f4defa,1312
- completed:
    hackage: sign-0.4.4@sha256:128107e3839bb185f6a7b97e63de9829f503b7f2d953653d4e9f71dbb6635cfe,2088
    pantry-tree:
      sha256: 8dcc93631b70ef2d03e601fe1aab114038e0d9c03559b146acac6d04a4a6aa51
      size: 473
  original:
    hackage: sign-0.4.4@sha256:128107e3839bb185f6a7b97e63de9829f503b7f2d953653d4e9f71dbb6635cfe,2088
- completed:
    hackage: hspec-2.10.6@sha256:c90dbcc629e88e5f56021c7dba26a97109a0c441aeece6ead217ee3fc83dcb68,1712
    pantry-tree:
      sha256: e61c983a62c1a72b1fe83aea65f95bba3fcde6f787dc5025090a701894c1b6ff
      size: 583
  original:
    hackage: hspec-2.10.6@sha256:c90dbcc629e88e5f56021c7dba26a97109a0c441aeece6ead217ee3fc83dcb68,1712
- completed:
    hackage: hspec-core-2.10.6@sha256:68a74267974fee22f4bc57b5d353391e8dc943b0d7ffaf5d47dab691765ee772,6659
    pantry-tree:
      sha256: 2c89341dd4d9ac200c3057e29be34e1c281207e04c44681093dd1e76e3ab46cc
      size: 5907
  original:
    hackage: hspec-core-2.10.6@sha256:68a74267974fee22f4bc57b5d353391e8dc943b0d7ffaf5d47dab691765ee772,6659
- completed:
    hackage: hspec-discover-2.10.6@sha256:df63254c5aa8c5c2b9233b0067728394936b6c9af7e3a5d3d44df78d888dcefd,2167
    pantry-tree:
      sha256: 7cf0a4ca06d993fe934334a4b67ddbc54cfca2b622f795410c1889e6443401eb
      size: 828
  original:
    hackage: hspec-discover-2.10.6@sha256:df63254c5aa8c5c2b9233b0067728394936b6c9af7e3a5d3d44df78d888dcefd,2167
- completed:
    commit: d5d68d5980f53c4c30e1d68877ecffdb5daeaa93
    git: https://github.com/Verification-for-Security/hrubric.git
    name: hrubric
    pantry-tree:
      sha256: b991e2c06323b6154fe56b8c6ddd7a67b2c82a6b8e85c9a6e7f41f73eb1931e5
      size: 516
    version: 0.1.0.0
  original:
    commit: d5d68d5980f53c4c30e1d68877ecffdb5daeaa93
    git: https://github.com/Verification-for-Security/hrubric.git
- completed:
    commit: 0b8fb106b0f6328e44efd6c6ad212d9b73bb65a4
    git: https://github.com/Verification-for-Security/emit-grade.git
    name: emit-grade
    pantry-tree:
      sha256: 4d37faf831de65566bf3dc333aa1b4375cde4b4c8453c20d903bcfd63a998902
      size: 566
    version: 0.1.0.0
  original:
    commit: 0b8fb106b0f6328e44efd6c6ad212d9b73bb65a4
    git: https://github.com/Verification-for-Security/emit-grade.git
snapshots:
- completed:
    sha256: 428ec8d5ce932190d3cbe266b9eb3c175cd81e984babf876b64019e2cbe4ea68
    size: 590100
    url: https://raw.githubusercontent.com/commercialhaskell/stackage-snapshots/master/lts/18/28.yaml
  original: lts-18.28
